
Microsoft Visual Studio Solution File, Format Version 12.00
# Visual Studio Version 17
VisualStudioVersion = 17.6.33815.320
MinimumVisualStudioVersion = 10.0.40219.1
Project("{FAE04EC0-301F-11D3-BF4B-00C04F79EFBC}") = "Advent2023_10", "Advent2023_10.csproj", "{8338B6AB-F096-4819-B082-FE04ED217955}"
EndProject
Global
	GlobalSection(SolutionConfigurationPlatforms) = preSolution
		Debug|Any CPU = Debug|Any CPU
		Release|Any CPU = Release|Any CPU
	EndGlobalSection
	GlobalSection(ProjectConfigurationPlatforms) = postSolution
		{8338B6AB-F096-4819-B082-FE04ED217955}.Debug|Any CPU.ActiveCfg = Debug|Any CPU
		{8338B6AB-F096-4819-B082-FE04ED217955}.Debug|Any CPU.Build.0 = Debug|Any CPU
		{8338B6AB-F096-4819-B082-FE04ED217955}.Release|Any CPU.ActiveCfg = Release|Any CPU
		{8338B6AB-F096-4819-B082-FE04ED217955}.Release|Any CPU.Build.0 = Release|Any CPU
	EndGlobalSection
	GlobalSection(SolutionProperties) = preSolution
		HideSolutionNode = FALSE
	EndGlobalSection
	GlobalSection(ExtensibilityGlobals) = postSolution
		SolutionGuid = {047DFF12-E789-4A4E-A0C0-6BD7A742C774}
	EndGlobalSection
EndGlobal
